{
  "requires": true,
  "lockfileVersion": 1,
  "dependencies": {
    "@stripe/stripe-js": {
      "version": "1.17.1",
      "resolved": "https://registry.npmjs.org/@stripe/stripe-js/-/stripe-js-1.17.1.tgz",
      "integrity": "sha512-c9MyDvdi5Xou0j0JPNy86NebtTDfh9o62Ifuzx6GSm2YO0oedBpy51WSyOue2L8Fb+mqESS5gd6mGVEIPUnXsA=="
    }
  }
}
